
Microsoft Visual Studio Solution File, Format Version 12.00
# Visual Studio Version 17
VisualStudioVersion = 17.2.32519.379
MinimumVisualStudioVersion = 10.0.40219.1
Project("{9A19103F-16F7-4668-BE54-9A1E7A4F7556}") = "CVMLabs", "CVMLabs\CVMLabs.csproj", "{DA82C4CC-BE67-47BA-B9E2-956D56353538}"
EndProject
Global
	GlobalSection(SolutionConfigurationPlatforms) = preSolution
		Debug|Any CPU = Debug|Any CPU
		Release|Any CPU = Release|Any CPU
	EndGlobalSection
	GlobalSection(ProjectConfigurationPlatforms) = postSolution
		{DA82C4CC-BE67-47BA-B9E2-956D56353538}.Debug|Any CPU.ActiveCfg = Debug|Any CPU
		{DA82C4CC-BE67-47BA-B9E2-956D56353538}.Debug|Any CPU.Build.0 = Debug|Any CPU
		{DA82C4CC-BE67-47BA-B9E2-956D56353538}.Release|Any CPU.ActiveCfg = Release|Any CPU
		{DA82C4CC-BE67-47BA-B9E2-956D56353538}.Release|Any CPU.Build.0 = Release|Any CPU
	EndGlobalSection
	GlobalSection(SolutionProperties) = preSolution
		HideSolutionNode = FALSE
	EndGlobalSection
	GlobalSection(ExtensibilityGlobals) = postSolution
		SolutionGuid = {626F7B10-6209-4F04-B070-3F42F1F42E60}
	EndGlobalSection
EndGlobal
